
Microsoft Visual Studio Solution File, Format Version 12.00
Project("{FAE04EC0-301F-11D3-BF4B-00C04F79EFBC}") = "Heartbeat", "Heartbeat\Heartbeat.csproj", "{8825BF2E-47AC-4E4A-89E0-8D70209E1A49}"
EndProject
Project("{FAE04EC0-301F-11D3-BF4B-00C04F79EFBC}") = "HeartbeatWinForms", "HeartbeatWinForms\HeartbeatWinForms.csproj", "{FFCD7EEF-F3FC-46AC-A923-6DF273A63EF0}"
EndProject
Project("{FAE04EC0-301F-11D3-BF4B-00C04F79EFBC}") = "ConsoleApp", "ConsoleApp\ConsoleApp.csproj", "{E3B49262-56DF-4785-ADEE-02AD741013B8}"
EndProject
Global
	GlobalSection(SolutionConfigurationPlatforms) = preSolution
		Debug|Any CPU = Debug|Any CPU
		Release|Any CPU = Release|Any CPU
	EndGlobalSection
	GlobalSection(ProjectConfigurationPlatforms) = postSolution
		{8825BF2E-47AC-4E4A-89E0-8D70209E1A49}.Debug|Any CPU.ActiveCfg = Debug|Any CPU
		{8825BF2E-47AC-4E4A-89E0-8D70209E1A49}.Debug|Any CPU.Build.0 = Debug|Any CPU
		{8825BF2E-47AC-4E4A-89E0-8D70209E1A49}.Release|Any CPU.ActiveCfg = Release|Any CPU
		{8825BF2E-47AC-4E4A-89E0-8D70209E1A49}.Release|Any CPU.Build.0 = Release|Any CPU
		{25E666DD-722E-4D1F-8275-D7460057B06B}.Debug|Any CPU.ActiveCfg = Debug|Any CPU
		{25E666DD-722E-4D1F-8275-D7460057B06B}.Debug|Any CPU.Build.0 = Debug|Any CPU
		{25E666DD-722E-4D1F-8275-D7460057B06B}.Release|Any CPU.ActiveCfg = Release|Any CPU
		{25E666DD-722E-4D1F-8275-D7460057B06B}.Release|Any CPU.Build.0 = Release|Any CPU
		{7717150E-F631-4181-A05F-070965DA3F51}.Debug|Any CPU.ActiveCfg = Debug|Any CPU
		{7717150E-F631-4181-A05F-070965DA3F51}.Debug|Any CPU.Build.0 = Debug|Any CPU
		{7717150E-F631-4181-A05F-070965DA3F51}.Release|Any CPU.ActiveCfg = Release|Any CPU
		{7717150E-F631-4181-A05F-070965DA3F51}.Release|Any CPU.Build.0 = Release|Any CPU
		{FFCD7EEF-F3FC-46AC-A923-6DF273A63EF0}.Debug|Any CPU.ActiveCfg = Debug|Any CPU
		{FFCD7EEF-F3FC-46AC-A923-6DF273A63EF0}.Debug|Any CPU.Build.0 = Debug|Any CPU
		{FFCD7EEF-F3FC-46AC-A923-6DF273A63EF0}.Release|Any CPU.ActiveCfg = Release|Any CPU
		{FFCD7EEF-F3FC-46AC-A923-6DF273A63EF0}.Release|Any CPU.Build.0 = Release|Any CPU
		{E3B49262-56DF-4785-ADEE-02AD741013B8}.Debug|Any CPU.ActiveCfg = Debug|Any CPU
		{E3B49262-56DF-4785-ADEE-02AD741013B8}.Debug|Any CPU.Build.0 = Debug|Any CPU
		{E3B49262-56DF-4785-ADEE-02AD741013B8}.Release|Any CPU.ActiveCfg = Release|Any CPU
		{E3B49262-56DF-4785-ADEE-02AD741013B8}.Release|Any CPU.Build.0 = Release|Any CPU
	EndGlobalSection
EndGlobal
